// !$*UTF8*$!
{
	archiveVersion = 1;
	classes = {
	};
	objectVersion = 46;
	objects = {

/* Begin PBXBuildFile section */
		1554B0D31AC046E600B41289 /* EDWelcomeVC.m in Sources */ = {isa = PBXBuildFile; fileRef = 1554B0D11AC046E600B41289 /* EDWelcomeVC.m */; };
		1554B0D41AC046E600B41289 /* EDWelcomeVC.xib in Resources */ = {isa = PBXBuildFile; fileRef = 1554B0D21AC046E600B41289 /* EDWelcomeVC.xib */; };
		1554B0D81AC046F700B41289 /* EDRegisterVC.m in Sources */ = {isa = PBXBuildFile; fileRef = 1554B0D61AC046F700B41289 /* EDRegisterVC.m */; };
		1554B0D91AC046F700B41289 /* EDRegisterVC.xib in Resources */ = {isa = PBXBuildFile; fileRef = 1554B0D71AC046F700B41289 /* EDRegisterVC.xib */; };
		1554B0DD1AC0471000B41289 /* EDLoginVC.m in Sources */ = {isa = PBXBuildFile; fileRef = 1554B0DB1AC0471000B41289 /* EDLoginVC.m */; };
		1554B0DE1AC0471000B41289 /* EDLoginVC.xib in Resources */ = {isa = PBXBuildFile; fileRef = 1554B0DC1AC0471000B41289 /* EDLoginVC.xib */; };
		1554B0E21AC0473E00B41289 /* EDForgotPasswordVC.m in Sources */ = {isa = PBXBuildFile; fileRef = 1554B0E01AC0473E00B41289 /* EDForgotPasswordVC.m */; };
		1554B0E31AC0473E00B41289 /* EDForgotPasswordVC.xib in Resources */ = {isa = PBXBuildFile; fileRef = 1554B0E11AC0473E00B41289 /* EDForgotPasswordVC.xib */; };
		1554B0EB1AC047BB00B41289 /* EDForumVC.m in Sources */ = {isa = PBXBuildFile; fileRef = 1554B0E91AC047BB00B41289 /* EDForumVC.m */; };
		1554B0EC1AC047BB00B41289 /* EDForumVC.xib in Resources */ = {isa = PBXBuildFile; fileRef = 1554B0EA1AC047BB00B41289 /* EDForumVC.xib */; };
		1554B0F01AC047DA00B41289 /* EDTicketVC.m in Sources */ = {isa = PBXBuildFile; fileRef = 1554B0EE1AC047DA00B41289 /* EDTicketVC.m */; };
		1554B0F11AC047DA00B41289 /* EDTicketVC.xib in Resources */ = {isa = PBXBuildFile; fileRef = 1554B0EF1AC047DA00B41289 /* EDTicketVC.xib */; };
		1554B0F51AC047ED00B41289 /* EDMyCourseVC.m in Sources */ = {isa = PBXBuildFile; fileRef = 1554B0F31AC047ED00B41289 /* EDMyCourseVC.m */; };
		1554B0F61AC047ED00B41289 /* EDMyCourseVC.xib in Resources */ = {isa = PBXBuildFile; fileRef = 1554B0F41AC047ED00B41289 /* EDMyCourseVC.xib */; };
		1554B0FA1AC0480800B41289 /* EDHomeVC.m in Sources */ = {isa = PBXBuildFile; fileRef = 1554B0F81AC0480800B41289 /* EDHomeVC.m */; };
		1554B0FB1AC0480800B41289 /* EDHomeVC.xib in Resources */ = {isa = PBXBuildFile; fileRef = 1554B0F91AC0480800B41289 /* EDHomeVC.xib */; };
		1554B1011AC050A200B41289 /* EDMoreVC.m in Sources */ = {isa = PBXBuildFile; fileRef = 1554B0FF1AC050A200B41289 /* EDMoreVC.m */; };
		1554B1021AC050A200B41289 /* EDMoreVC.xib in Resources */ = {isa = PBXBuildFile; fileRef = 1554B1001AC050A200B41289 /* EDMoreVC.xib */; };
		1554B10C1AC06C8500B41289 /* EDCategoriesVC.m in Sources */ = {isa = PBXBuildFile; fileRef = 1554B10A1AC06C8500B41289 /* EDCategoriesVC.m */; };
		1554B10D1AC06C8500B41289 /* EDCategoriesVC.xib in Resources */ = {isa = PBXBuildFile; fileRef = 1554B10B1AC06C8500B41289 /* EDCategoriesVC.xib */; };
		1554B1101AC06D5800B41289 /* backBtn@2x.png in Resources */ = {isa = PBXBuildFile; fileRef = 1554B10E1AC06D5800B41289 /* backBtn@2x.png */; };
		1554B1111AC06D5800B41289 /* backBtn@3x.png in Resources */ = {isa = PBXBuildFile; fileRef = 1554B10F1AC06D5800B41289 /* backBtn@3x.png */; };
		1583AF391AB80B1D0000631C /* main.m in Sources */ = {isa = PBXBuildFile; fileRef = 1583AF381AB80B1D0000631C /* main.m */; };
		1583AF441AB80B1D0000631C /* Images.xcassets in Resources */ = {isa = PBXBuildFile; fileRef = 1583AF431AB80B1D0000631C /* Images.xcassets */; };
		1583AF531AB80B1E0000631C /* EdurekaTests.m in Sources */ = {isa = PBXBuildFile; fileRef = 1583AF521AB80B1E0000631C /* EdurekaTests.m */; };
		1583AF691AB80BDB0000631C /* AppDelegate.m in Sources */ = {isa = PBXBuildFile; fileRef = 1583AF621AB80BDB0000631C /* AppDelegate.m */; };
		15E626231ABDE33700F886E8 /* Default-568h.png in Resources */ = {isa = PBXBuildFile; fileRef = 15E6261E1ABDE33700F886E8 /* Default-568h.png */; };
		15E626241ABDE33700F886E8 /* Default-6.png in Resources */ = {isa = PBXBuildFile; fileRef = 15E6261F1ABDE33700F886E8 /* Default-6.png */; };
		15E626251ABDE33700F886E8 /* Default-6Plus.png in Resources */ = {isa = PBXBuildFile; fileRef = 15E626201ABDE33700F886E8 /* Default-6Plus.png */; };
		15E626261ABDE33700F886E8 /* Default@2x.png in Resources */ = {isa = PBXBuildFile; fileRef = 15E626211ABDE33700F886E8 /* Default@2x.png */; };
		15E6262C1ABDE9D900F886E8 /* trending.json in Resources */ = {isa = PBXBuildFile; fileRef = 15E6262A1ABDE9D900F886E8 /* trending.json */; };
		15E6262D1ABDE9D900F886E8 /* TemplateIcon2x.png in Resources */ = {isa = PBXBuildFile; fileRef = 15E6262B1ABDE9D900F886E8 /* TemplateIcon2x.png */; };
		15FA91171AC3383300152E90 /* CommonBL.m in Sources */ = {isa = PBXBuildFile; fileRef = 15FA91161AC3383300152E90 /* CommonBL.m */; };
		15FA911B1AC34BD100152E90 /* CategoriesBL.m in Sources */ = {isa = PBXBuildFile; fileRef = 15FA911A1AC34BD100152E90 /* CategoriesBL.m */; };
		15FA911D1AC34C6800152E90 /* Categories.plist in Resources */ = {isa = PBXBuildFile; fileRef = 15FA911C1AC34C6800152E90 /* Categories.plist */; };
		15FA91291AC3506B00152E90 /* Categories.m in Sources */ = {isa = PBXBuildFile; fileRef = 15FA91281AC3506B00152E90 /* Categories.m */; };
		15FA91341AC352A500152E90 /* UIThumbView.m in Sources */ = {isa = PBXBuildFile; fileRef = 15FA91331AC352A500152E90 /* UIThumbView.m */; };
		15FA91391AC3F3E100152E90 /* CategoryCell.m in Sources */ = {isa = PBXBuildFile; fileRef = 15FA91371AC3F3E100152E90 /* CategoryCell.m */; };
		15FA913A1AC3F3E100152E90 /* CategoryCell.xib in Resources */ = {isa = PBXBuildFile; fileRef = 15FA91381AC3F3E100152E90 /* CategoryCell.xib */; };
		15FA913F1AC3F40F00152E90 /* EDHomeCarouselCell.m in Sources */ = {isa = PBXBuildFile; fileRef = 15FA913D1AC3F40F00152E90 /* EDHomeCarouselCell.m */; };
		15FA91401AC3F40F00152E90 /* EDHomeCarouselCell.xib in Resources */ = {isa = PBXBuildFile; fileRef = 15FA913E1AC3F40F00152E90 /* EDHomeCarouselCell.xib */; };
		15FA91441AC3F6F000152E90 /* UserBL.m in Sources */ = {isa = PBXBuildFile; fileRef = 15FA91431AC3F6F000152E90 /* UserBL.m */; };
		15FA91471AC3FCB800152E90 /* EDCourseView.m in Sources */ = {isa = PBXBuildFile; fileRef = 15FA91461AC3FCB800152E90 /* EDCourseView.m */; };
		15FA91491AC3FCCD00152E90 /* EDCourseView.xib in Resources */ = {isa = PBXBuildFile; fileRef = 15FA91481AC3FCCD00152E90 /* EDCourseView.xib */; };
		15FA914C1AC4021400152E90 /* Course.m in Sources */ = {isa = PBXBuildFile; fileRef = 15FA914B1AC4021400152E90 /* Course.m */; };
		15FA914E1AC402B900152E90 /* NewCourses.plist in Resources */ = {isa = PBXBuildFile; fileRef = 15FA914D1AC402B900152E90 /* NewCourses.plist */; };
		15FA91501AC4042200152E90 /* Trending.plist in Resources */ = {isa = PBXBuildFile; fileRef = 15FA914F1AC4042200152E90 /* Trending.plist */; };
		15FA91521AC4043300152E90 /* Recommended.plist in Resources */ = {isa = PBXBuildFile; fileRef = 15FA91511AC4043300152E90 /* Recommended.plist */; };
		15FA91541AC4048900152E90 /* Wishlist.plist in Resources */ = {isa = PBXBuildFile; fileRef = 15FA91531AC4048900152E90 /* Wishlist.plist */; };
		15FA91581AC404E900152E90 /* CourseBL.m in Sources */ = {isa = PBXBuildFile; fileRef = 15FA91571AC404E900152E90 /* CourseBL.m */; };
		7150FED85D58F20FED7C5555 /* libPods-Edureka.a in Frameworks */ = {isa = PBXBuildFile; fileRef = 40895CF0C2E2B2A4CA70B047 /* libPods-Edureka.a */; };
/* End PBXBuildFile section */

/* Begin PBXContainerItemProxy section */
		1583AF4D1AB80B1E0000631C /* PBXContainerItemProxy */ = {
			isa = PBXContainerItemProxy;
			containerPortal = 1583AF2B1AB80B1D0000631C /* Project object */;
			proxyType = 1;
			remoteGlobalIDString = 1583AF321AB80B1D0000631C;
			remoteInfo = Edureka;
		};
/* End PBXContainerItemProxy section */

/* Begin PBXFileReference section */
		1554B0D01AC046E600B41289 /* EDWelcomeVC.h */ = {isa = PBXFileReference; fileEncoding = 4; lastKnownFileType = sourcecode.c.h; path = EDWelcomeVC.h; sourceTree = "<group>"; };
		1554B0D11AC046E600B41289 /* EDWelcomeVC.m */ = {isa = PBXFileReference; fileEncoding = 4; lastKnownFileType = sourcecode.c.objc; path = EDWelcomeVC.m; sourceTree = "<group>"; };
		1554B0D21AC046E600B41289 /* EDWelcomeVC.xib */ = {isa = PBXFileReference; fileEncoding = 4; lastKnownFileType = file.xib; path = EDWelcomeVC.xib; sourceTree = "<group>"; };
		1554B0D51AC046F700B41289 /* EDRegisterVC.h */ = {isa = PBXFileReference; fileEncoding = 4; lastKnownFileType = sourcecode.c.h; path = EDRegisterVC.h; sourceTree = "<group>"; };
		1554B0D61AC046F700B41289 /* EDRegisterVC.m */ = {isa = PBXFileReference; fileEncoding = 4; lastKnownFileType = sourcecode.c.objc; path = EDRegisterVC.m; sourceTree = "<group>"; };
		1554B0D71AC046F700B41289 /* EDRegisterVC.xib */ = {isa = PBXFileReference; fileEncoding = 4; lastKnownFileType = file.xib; path = EDRegisterVC.xib; sourceTree = "<group>"; };
		1554B0DA1AC0471000B41289 /* EDLoginVC.h */ = {isa = PBXFileReference; fileEncoding = 4; lastKnownFileType = sourcecode.c.h; path = EDLoginVC.h; sourceTree = "<group>"; };
		1554B0DB1AC0471000B41289 /* EDLoginVC.m */ = {isa = PBXFileReference; fileEncoding = 4; lastKnownFileType = sourcecode.c.objc; path = EDLoginVC.m; sourceTree = "<group>"; };
		1554B0DC1AC0471000B41289 /* EDLoginVC.xib */ = {isa = PBXFileReference; fileEncoding = 4; lastKnownFileType = file.xib; path = EDLoginVC.xib; sourceTree = "<group>"; };
		1554B0DF1AC0473E00B41289 /* EDForgotPasswordVC.h */ = {isa = PBXFileReference; fileEncoding = 4; lastKnownFileType = sourcecode.c.h; path = EDForgotPasswordVC.h; sourceTree = "<group>"; };
		1554B0E01AC0473E00B41289 /* EDForgotPasswordVC.m */ = {isa = PBXFileReference; fileEncoding = 4; lastKnownFileType = sourcecode.c.objc; path = EDForgotPasswordVC.m; sourceTree = "<group>"; };
		1554B0E11AC0473E00B41289 /* EDForgotPasswordVC.xib */ = {isa = PBXFileReference; fileEncoding = 4; lastKnownFileType = file.xib; path = EDForgotPasswordVC.xib; sourceTree = "<group>"; };
		1554B0E81AC047BB00B41289 /* EDForumVC.h */ = {isa = PBXFileReference; fileEncoding = 4; lastKnownFileType = sourcecode.c.h; path = EDForumVC.h; sourceTree = "<group>"; };
		1554B0E91AC047BB00B41289 /* EDForumVC.m */ = {isa = PBXFileReference; fileEncoding = 4; lastKnownFileType = sourcecode.c.objc; path = EDForumVC.m; sourceTree = "<group>"; };
		1554B0EA1AC047BB00B41289 /* EDForumVC.xib */ = {isa = PBXFileReference; fileEncoding = 4; lastKnownFileType = file.xib; path = EDForumVC.xib; sourceTree = "<group>"; };
		1554B0ED1AC047DA00B41289 /* EDTicketVC.h */ = {isa = PBXFileReference; fileEncoding = 4; lastKnownFileType = sourcecode.c.h; path = EDTicketVC.h; sourceTree = "<group>"; };
		1554B0EE1AC047DA00B41289 /* EDTicketVC.m */ = {isa = PBXFileReference; fileEncoding = 4; lastKnownFileType = sourcecode.c.objc; path = EDTicketVC.m; sourceTree = "<group>"; };
		1554B0EF1AC047DA00B41289 /* EDTicketVC.xib */ = {isa = PBXFileReference; fileEncoding = 4; lastKnownFileType = file.xib; path = EDTicketVC.xib; sourceTree = "<group>"; };
		1554B0F21AC047ED00B41289 /* EDMyCourseVC.h */ = {isa = PBXFileReference; fileEncoding = 4; lastKnownFileType = sourcecode.c.h; path = EDMyCourseVC.h; sourceTree = "<group>"; };
		1554B0F31AC047ED00B41289 /* EDMyCourseVC.m */ = {isa = PBXFileReference; fileEncoding = 4; lastKnownFileType = sourcecode.c.objc; path = EDMyCourseVC.m; sourceTree = "<group>"; };
		1554B0F41AC047ED00B41289 /* EDMyCourseVC.xib */ = {isa = PBXFileReference; fileEncoding = 4; lastKnownFileType = file.xib; path = EDMyCourseVC.xib; sourceTree = "<group>"; };
		1554B0F71AC0480800B41289 /* EDHomeVC.h */ = {isa = PBXFileReference; fileEncoding = 4; lastKnownFileType = sourcecode.c.h; path = EDHomeVC.h; sourceTree = "<group>"; };
		1554B0F81AC0480800B41289 /* EDHomeVC.m */ = {isa = PBXFileReference; fileEncoding = 4; lastKnownFileType = sourcecode.c.objc; path = EDHomeVC.m; sourceTree = "<group>"; };
		1554B0F91AC0480800B41289 /* EDHomeVC.xib */ = {isa = PBXFileReference; fileEncoding = 4; lastKnownFileType = file.xib; path = EDHomeVC.xib; sourceTree = "<group>"; };
		1554B0FC1AC04C6300B41289 /* Constants.h */ = {isa = PBXFileReference; lastKnownFileType = sourcecode.c.h; path = Constants.h; sourceTree = "<group>"; };
		1554B0FE1AC050A200B41289 /* EDMoreVC.h */ = {isa = PBXFileReference; fileEncoding = 4; lastKnownFileType = sourcecode.c.h; path = EDMoreVC.h; sourceTree = "<group>"; };
		1554B0FF1AC050A200B41289 /* EDMoreVC.m */ = {isa = PBXFileReference; fileEncoding = 4; lastKnownFileType = sourcecode.c.objc; path = EDMoreVC.m; sourceTree = "<group>"; };
		1554B1001AC050A200B41289 /* EDMoreVC.xib */ = {isa = PBXFileReference; fileEncoding = 4; lastKnownFileType = file.xib; path = EDMoreVC.xib; sourceTree = "<group>"; };
		1554B1091AC06C8500B41289 /* EDCategoriesVC.h */ = {isa = PBXFileReference; fileEncoding = 4; lastKnownFileType = sourcecode.c.h; path = EDCategoriesVC.h; sourceTree = "<group>"; };
		1554B10A1AC06C8500B41289 /* EDCategoriesVC.m */ = {isa = PBXFileReference; fileEncoding = 4; lastKnownFileType = sourcecode.c.objc; path = EDCategoriesVC.m; sourceTree = "<group>"; };
		1554B10B1AC06C8500B41289 /* EDCategoriesVC.xib */ = {isa = PBXFileReference; fileEncoding = 4; lastKnownFileType = file.xib; path = EDCategoriesVC.xib; sourceTree = "<group>"; };
		1554B10E1AC06D5800B41289 /* backBtn@2x.png */ = {isa = PBXFileReference; lastKnownFileType = image.png; path = "backBtn@2x.png"; sourceTree = "<group>"; };
		1554B10F1AC06D5800B41289 /* backBtn@3x.png */ = {isa = PBXFileReference; lastKnownFileType = image.png; path = "backBtn@3x.png"; sourceTree = "<group>"; };
		1583AF331AB80B1D0000631C /* Edureka.app */ = {isa = PBXFileReference; explicitFileType = wrapper.application; includeInIndex = 0; path = Edureka.app; sourceTree = BUILT_PRODUCTS_DIR; };
		1583AF371AB80B1D0000631C /* Info.plist */ = {isa = PBXFileReference; lastKnownFileType = text.plist.xml; path = Info.plist; sourceTree = "<group>"; };
		1583AF381AB80B1D0000631C /* main.m */ = {isa = PBXFileReference; lastKnownFileType = sourcecode.c.objc; path = main.m; sourceTree = "<group>"; };
		1583AF431AB80B1D0000631C /* Images.xcassets */ = {isa = PBXFileReference; lastKnownFileType = folder.assetcatalog; path = Images.xcassets; sourceTree = "<group>"; };
		1583AF4C1AB80B1E0000631C /* EdurekaTests.xctest */ = {isa = PBXFileReference; explicitFileType = wrapper.cfbundle; includeInIndex = 0; path = EdurekaTests.xctest; sourceTree = BUILT_PRODUCTS_DIR; };
		1583AF511AB80B1E0000631C /* Info.plist */ = {isa = PBXFileReference; lastKnownFileType = text.plist.xml; path = Info.plist; sourceTree = "<group>"; };
		1583AF521AB80B1E0000631C /* EdurekaTests.m */ = {isa = PBXFileReference; lastKnownFileType = sourcecode.c.objc; path = EdurekaTests.m; sourceTree = "<group>"; };
		1583AF5F1AB80BC00000631C /* Edureka-Prefix.pch */ = {isa = PBXFileReference; lastKnownFileType = sourcecode.c.h; path = "Edureka-Prefix.pch"; sourceTree = "<group>"; };
		1583AF611AB80BDB0000631C /* AppDelegate.h */ = {isa = PBXFileReference; fileEncoding = 4; lastKnownFileType = sourcecode.c.h; path = AppDelegate.h; sourceTree = "<group>"; };
		1583AF621AB80BDB0000631C /* AppDelegate.m */ = {isa = PBXFileReference; fileEncoding = 4; lastKnownFileType = sourcecode.c.objc; path = AppDelegate.m; sourceTree = "<group>"; };
		15E6261E1ABDE33700F886E8 /* Default-568h.png */ = {isa = PBXFileReference; lastKnownFileType = image.png; path = "Default-568h.png"; sourceTree = "<group>"; };
		15E6261F1ABDE33700F886E8 /* Default-6.png */ = {isa = PBXFileReference; lastKnownFileType = image.png; path = "Default-6.png"; sourceTree = "<group>"; };
		15E626201ABDE33700F886E8 /* Default-6Plus.png */ = {isa = PBXFileReference; lastKnownFileType = image.png; path = "Default-6Plus.png"; sourceTree = "<group>"; };
		15E626211ABDE33700F886E8 /* Default@2x.png */ = {isa = PBXFileReference; lastKnownFileType = image.png; path = "Default@2x.png"; sourceTree = "<group>"; };
		15E6262A1ABDE9D900F886E8 /* trending.json */ = {isa = PBXFileReference; fileEncoding = 4; lastKnownFileType = text.json; path = trending.json; sourceTree = "<group>"; };
		15E6262B1ABDE9D900F886E8 /* TemplateIcon2x.png */ = {isa = PBXFileReference; lastKnownFileType = image.png; path = TemplateIcon2x.png; sourceTree = "<group>"; };
		15FA91151AC3383300152E90 /* CommonBL.h */ = {isa = PBXFileReference; fileEncoding = 4; lastKnownFileType = sourcecode.c.h; path = CommonBL.h; sourceTree = "<group>"; };
		15FA91161AC3383300152E90 /* CommonBL.m */ = {isa = PBXFileReference; fileEncoding = 4; lastKnownFileType = sourcecode.c.objc; path = CommonBL.m; sourceTree = "<group>"; };
		15FA91191AC34BD100152E90 /* CategoriesBL.h */ = {isa = PBXFileReference; fileEncoding = 4; lastKnownFileType = sourcecode.c.h; path = CategoriesBL.h; sourceTree = "<group>"; };
		15FA911A1AC34BD100152E90 /* CategoriesBL.m */ = {isa = PBXFileReference; fileEncoding = 4; lastKnownFileType = sourcecode.c.objc; path = CategoriesBL.m; sourceTree = "<group>"; };
		15FA911C1AC34C6800152E90 /* Categories.plist */ = {isa = PBXFileReference; fileEncoding = 4; lastKnownFileType = text.plist.xml; path = Categories.plist; sourceTree = "<group>"; };
		15FA91271AC3506B00152E90 /* Categories.h */ = {isa = PBXFileReference; fileEncoding = 4; lastKnownFileType = sourcecode.c.h; path = Categories.h; sourceTree = "<group>"; };
		15FA91281AC3506B00152E90 /* Categories.m */ = {isa = PBXFileReference; fileEncoding = 4; lastKnownFileType = sourcecode.c.objc; path = Categories.m; sourceTree = "<group>"; };
		15FA91321AC352A500152E90 /* UIThumbView.h */ = {isa = PBXFileReference; fileEncoding = 4; lastKnownFileType = sourcecode.c.h; path = UIThumbView.h; sourceTree = "<group>"; };
		15FA91331AC352A500152E90 /* UIThumbView.m */ = {isa = PBXFileReference; fileEncoding = 4; lastKnownFileType = sourcecode.c.objc; path = UIThumbView.m; sourceTree = "<group>"; };
		15FA91361AC3F3E100152E90 /* CategoryCell.h */ = {isa = PBXFileReference; fileEncoding = 4; lastKnownFileType = sourcecode.c.h; path = CategoryCell.h; sourceTree = "<group>"; };
		15FA91371AC3F3E100152E90 /* CategoryCell.m */ = {isa = PBXFileReference; fileEncoding = 4; lastKnownFileType = sourcecode.c.objc; path = CategoryCell.m; sourceTree = "<group>"; };
		15FA91381AC3F3E100152E90 /* CategoryCell.xib */ = {isa = PBXFileReference; fileEncoding = 4; lastKnownFileType = file.xib; path = CategoryCell.xib; sourceTree = "<group>"; };
		15FA913C1AC3F40F00152E90 /* EDHomeCarouselCell.h */ = {isa = PBXFileReference; fileEncoding = 4; lastKnownFileType = sourcecode.c.h; path = EDHomeCarouselCell.h; sourceTree = "<group>"; };
		15FA913D1AC3F40F00152E90 /* EDHomeCarouselCell.m */ = {isa = PBXFileReference; fileEncoding = 4; lastKnownFileType = sourcecode.c.objc; path = EDHomeCarouselCell.m; sourceTree = "<group>"; };
		15FA913E1AC3F40F00152E90 /* EDHomeCarouselCell.xib */ = {isa = PBXFileReference; fileEncoding = 4; lastKnownFileType = file.xib; path = EDHomeCarouselCell.xib; sourceTree = "<group>"; };
		15FA91421AC3F6F000152E90 /* UserBL.h */ = {isa = PBXFileReference; fileEncoding = 4; lastKnownFileType = sourcecode.c.h; path = UserBL.h; sourceTree = "<group>"; };
		15FA91431AC3F6F000152E90 /* UserBL.m */ = {isa = PBXFileReference; fileEncoding = 4; lastKnownFileType = sourcecode.c.objc; path = UserBL.m; sourceTree = "<group>"; };
		15FA91451AC3FCB800152E90 /* EDCourseView.h */ = {isa = PBXFileReference; fileEncoding = 4; lastKnownFileType = sourcecode.c.h; path = EDCourseView.h; sourceTree = "<group>"; };
		15FA91461AC3FCB800152E90 /* EDCourseView.m */ = {isa = PBXFileReference; fileEncoding = 4; lastKnownFileType = sourcecode.c.objc; path = EDCourseView.m; sourceTree = "<group>"; };
		15FA91481AC3FCCD00152E90 /* EDCourseView.xib */ = {isa = PBXFileReference; fileEncoding = 4; lastKnownFileType = file.xib; path = EDCourseView.xib; sourceTree = "<group>"; };
		15FA914A1AC4021400152E90 /* Course.h */ = {isa = PBXFileReference; fileEncoding = 4; lastKnownFileType = sourcecode.c.h; path = Course.h; sourceTree = "<group>"; };
		15FA914B1AC4021400152E90 /* Course.m */ = {isa = PBXFileReference; fileEncoding = 4; lastKnownFileType = sourcecode.c.objc; path = Course.m; sourceTree = "<group>"; };
		15FA914D1AC402B900152E90 /* NewCourses.plist */ = {isa = PBXFileReference; fileEncoding = 4; lastKnownFileType = text.plist.xml; path = NewCourses.plist; sourceTree = "<group>"; };
		15FA914F1AC4042200152E90 /* Trending.plist */ = {isa = PBXFileReference; fileEncoding = 4; lastKnownFileType = text.plist.xml; path = Trending.plist; sourceTree = "<group>"; };
		15FA91511AC4043300152E90 /* Recommended.plist */ = {isa = PBXFileReference; fileEncoding = 4; lastKnownFileType = text.plist.xml; path = Recommended.plist; sourceTree = "<group>"; };
		15FA91531AC4048900152E90 /* Wishlist.plist */ = {isa = PBXFileReference; fileEncoding = 4; lastKnownFileType = text.plist.xml; path = Wishlist.plist; sourceTree = "<group>"; };
		15FA91561AC404E900152E90 /* CourseBL.h */ = {isa = PBXFileReference; fileEncoding = 4; lastKnownFileType = sourcecode.c.h; path = CourseBL.h; sourceTree = "<group>"; };
		15FA91571AC404E900152E90 /* CourseBL.m */ = {isa = PBXFileReference; fileEncoding = 4; lastKnownFileType = sourcecode.c.objc; path = CourseBL.m; sourceTree = "<group>"; };
		40895CF0C2E2B2A4CA70B047 /* libPods-Edureka.a */ = {isa = PBXFileReference; explicitFileType = archive.ar; includeInIndex = 0; path = "libPods-Edureka.a"; sourceTree = BUILT_PRODUCTS_DIR; };
		8BE3C62622C422D82742D197 /* Pods-Edureka.debug.xcconfig */ = {isa = PBXFileReference; includeInIndex = 1; lastKnownFileType = text.xcconfig; name = "Pods-Edureka.debug.xcconfig"; path = "Pods/Target Support Files/Pods-Edureka/Pods-Edureka.debug.xcconfig"; sourceTree = "<group>"; };
		C44E128AC2FE58BA1D42FA75 /* Pods-Edureka.release.xcconfig */ = {isa = PBXFileReference; includeInIndex = 1; lastKnownFileType = text.xcconfig; name = "Pods-Edureka.release.xcconfig"; path = "Pods/Target Support Files/Pods-Edureka/Pods-Edureka.release.xcconfig"; sourceTree = "<group>"; };
/* End PBXFileReference section */

/* Begin PBXFrameworksBuildPhase section */
		1583AF301AB80B1D0000631C /* Frameworks */ = {
			isa = PBXFrameworksBuildPhase;
			buildActionMask = 2147483647;
			files = (
				7150FED85D58F20FED7C5555 /* libPods-Edureka.a in Frameworks */,
			);
			runOnlyForDeploymentPostprocessing = 0;
		};
		1583AF491AB80B1E0000631C /* Frameworks */ = {
			isa = PBXFrameworksBuildPhase;
			buildActionMask = 2147483647;
			files = (
			);
			runOnlyForDeploymentPostprocessing = 0;
		};
/* End PBXFrameworksBuildPhase section */

/* Begin PBXGroup section */
		1554B0E41AC047A600B41289 /* Forum */ = {
			isa = PBXGroup;
			children = (
				1554B0E81AC047BB00B41289 /* EDForumVC.h */,
				1554B0E91AC047BB00B41289 /* EDForumVC.m */,
				1554B0EA1AC047BB00B41289 /* EDForumVC.xib */,
			);
			path = Forum;
			sourceTree = "<group>";
		};
		1554B0E51AC047A600B41289 /* Home */ = {
			isa = PBXGroup;
			children = (
				1554B0F71AC0480800B41289 /* EDHomeVC.h */,
				1554B0F81AC0480800B41289 /* EDHomeVC.m */,
				1554B0F91AC0480800B41289 /* EDHomeVC.xib */,
				1554B1091AC06C8500B41289 /* EDCategoriesVC.h */,
				1554B10A1AC06C8500B41289 /* EDCategoriesVC.m */,
				1554B10B1AC06C8500B41289 /* EDCategoriesVC.xib */,
			);
			path = Home;
			sourceTree = "<group>";
		};
		1554B0E61AC047A600B41289 /* MyCourses */ = {
			isa = PBXGroup;
			children = (
				1554B0F21AC047ED00B41289 /* EDMyCourseVC.h */,
				1554B0F31AC047ED00B41289 /* EDMyCourseVC.m */,
				1554B0F41AC047ED00B41289 /* EDMyCourseVC.xib */,
			);
			path = MyCourses;
			sourceTree = "<group>";
		};
		1554B0E71AC047A600B41289 /* Tickets */ = {
			isa = PBXGroup;
			children = (
				1554B0ED1AC047DA00B41289 /* EDTicketVC.h */,
				1554B0EE1AC047DA00B41289 /* EDTicketVC.m */,
				1554B0EF1AC047DA00B41289 /* EDTicketVC.xib */,
			);
			path = Tickets;
			sourceTree = "<group>";
		};
		1554B0FD1AC0507600B41289 /* More */ = {
			isa = PBXGroup;
			children = (
				1554B0FE1AC050A200B41289 /* EDMoreVC.h */,
				1554B0FF1AC050A200B41289 /* EDMoreVC.m */,
				1554B1001AC050A200B41289 /* EDMoreVC.xib */,
			);
			path = More;
			sourceTree = "<group>";
		};
		15573B9E1AB9731B00C46120 /* Database */ = {
			isa = PBXGroup;
			children = (
			);
			path = Database;
			sourceTree = "<group>";
		};
		1583AF2A1AB80B1D0000631C = {
			isa = PBXGroup;
			children = (
				1583AF351AB80B1D0000631C /* Edureka */,
				1583AF4F1AB80B1E0000631C /* EdurekaTests */,
				1583AF341AB80B1D0000631C /* Products */,
				FD38E4EC6200AA81C0B2EBB3 /* Pods */,
				942E74A343B274AF1A6E8526 /* Frameworks */,
			);
			sourceTree = "<group>";
		};
		1583AF341AB80B1D0000631C /* Products */ = {
			isa = PBXGroup;
			children = (
				1583AF331AB80B1D0000631C /* Edureka.app */,
				1583AF4C1AB80B1E0000631C /* EdurekaTests.xctest */,
			);
			name = Products;
			sourceTree = "<group>";
		};
		1583AF351AB80B1D0000631C /* Edureka */ = {
			isa = PBXGroup;
			children = (
				15FA91131AC3381300152E90 /* BusinessLayer */,
				15E626291ABDE89F00F886E8 /* Model */,
				15573B9E1AB9731B00C46120 /* Database */,
				1583AF601AB80BDB0000631C /* AppDelegate */,
				1583AF631AB80BDB0000631C /* CustomComponents */,
				1583AF641AB80BDB0000631C /* Resources */,
				1583AF651AB80BDB0000631C /* Utilities */,
				1583AF661AB80BDB0000631C /* ViewControllers */,
				1583AF431AB80B1D0000631C /* Images.xcassets */,
				1583AF361AB80B1D0000631C /* Supporting Files */,
			);
			path = Edureka;
			sourceTree = "<group>";
		};
		1583AF361AB80B1D0000631C /* Supporting Files */ = {
			isa = PBXGroup;
			children = (
				1583AF371AB80B1D0000631C /* Info.plist */,
				1583AF381AB80B1D0000631C /* main.m */,
				1583AF5F1AB80BC00000631C /* Edureka-Prefix.pch */,
			);
			name = "Supporting Files";
			sourceTree = "<group>";
		};
		1583AF4F1AB80B1E0000631C /* EdurekaTests */ = {
			isa = PBXGroup;
			children = (
				1583AF521AB80B1E0000631C /* EdurekaTests.m */,
				1583AF501AB80B1E0000631C /* Supporting Files */,
			);
			path = EdurekaTests;
			sourceTree = "<group>";
		};
		1583AF501AB80B1E0000631C /* Supporting Files */ = {
			isa = PBXGroup;
			children = (
				1583AF511AB80B1E0000631C /* Info.plist */,
			);
			name = "Supporting Files";
			sourceTree = "<group>";
		};
		1583AF601AB80BDB0000631C /* AppDelegate */ = {
			isa = PBXGroup;
			children = (
				1583AF611AB80BDB0000631C /* AppDelegate.h */,
				1583AF621AB80BDB0000631C /* AppDelegate.m */,
			);
			path = AppDelegate;
			sourceTree = "<group>";
		};
		1583AF631AB80BDB0000631C /* CustomComponents */ = {
			isa = PBXGroup;
			children = (
				15FA912A1AC3525E00152E90 /* CustomCells */,
				15FA912B1AC3525E00152E90 /* CustomViews */,
			);
			path = CustomComponents;
			sourceTree = "<group>";
		};
		1583AF641AB80BDB0000631C /* Resources */ = {
			isa = PBXGroup;
			children = (
				15E6261A1ABDE33700F886E8 /* Images */,
				15E626221ABDE33700F886E8 /* Plist */,
			);
			path = Resources;
			sourceTree = "<group>";
		};
		1583AF651AB80BDB0000631C /* Utilities */ = {
			isa = PBXGroup;
			children = (
				15FA91311AC352A500152E90 /* UIThumbView */,
				1554B0FC1AC04C6300B41289 /* Constants.h */,
			);
			path = Utilities;
			sourceTree = "<group>";
		};
		1583AF661AB80BDB0000631C /* ViewControllers */ = {
			isa = PBXGroup;
			children = (
				1554B0FD1AC0507600B41289 /* More */,
				1554B0E41AC047A600B41289 /* Forum */,
				1554B0E51AC047A600B41289 /* Home */,
				1554B0E61AC047A600B41289 /* MyCourses */,
				1554B0E71AC047A600B41289 /* Tickets */,
				15EC83931ABAD14600DE941E /* Login */,
				15EC83941ABAD14600DE941E /* MyCourses */,
				15EC83951ABAD14600DE941E /* Search */,
			);
			path = ViewControllers;
			sourceTree = "<group>";
		};
		15E6261A1ABDE33700F886E8 /* Images */ = {
			isa = PBXGroup;
			children = (
				15E6261B1ABDE33700F886E8 /* Categories */,
				15E6261C1ABDE33700F886E8 /* Icon */,
				15E6261D1ABDE33700F886E8 /* Splash */,
			);
			path = Images;
			sourceTree = "<group>";
		};
		15E6261B1ABDE33700F886E8 /* Categories */ = {
			isa = PBXGroup;
			children = (
				1554B10E1AC06D5800B41289 /* backBtn@2x.png */,
				1554B10F1AC06D5800B41289 /* backBtn@3x.png */,
			);
			path = Categories;
			sourceTree = "<group>";
		};
		15E6261C1ABDE33700F886E8 /* Icon */ = {
			isa = PBXGroup;
			children = (
			);
			path = Icon;
			sourceTree = "<group>";
		};
		15E6261D1ABDE33700F886E8 /* Splash */ = {
			isa = PBXGroup;
			children = (
				15E6261E1ABDE33700F886E8 /* Default-568h.png */,
				15E6261F1ABDE33700F886E8 /* Default-6.png */,
				15E626201ABDE33700F886E8 /* Default-6Plus.png */,
				15E626211ABDE33700F886E8 /* Default@2x.png */,
			);
			path = Splash;
			sourceTree = "<group>";
		};
		15E626221ABDE33700F886E8 /* Plist */ = {
			isa = PBXGroup;
			children = (
				15E6262A1ABDE9D900F886E8 /* trending.json */,
				15E6262B1ABDE9D900F886E8 /* TemplateIcon2x.png */,
				15FA911C1AC34C6800152E90 /* Categories.plist */,
				15FA914D1AC402B900152E90 /* NewCourses.plist */,
				15FA914F1AC4042200152E90 /* Trending.plist */,
				15FA91511AC4043300152E90 /* Recommended.plist */,
				15FA91531AC4048900152E90 /* Wishlist.plist */,
			);
			path = Plist;
			sourceTree = "<group>";
		};
		15E626291ABDE89F00F886E8 /* Model */ = {
			isa = PBXGroup;
			children = (
				15FA91271AC3506B00152E90 /* Categories.h */,
				15FA91281AC3506B00152E90 /* Categories.m */,
				15FA914A1AC4021400152E90 /* Course.h */,
				15FA914B1AC4021400152E90 /* Course.m */,
			);
			path = Model;
			sourceTree = "<group>";
		};
		15EC83931ABAD14600DE941E /* Login */ = {
			isa = PBXGroup;
			children = (
				1554B0D01AC046E600B41289 /* EDWelcomeVC.h */,
				1554B0D11AC046E600B41289 /* EDWelcomeVC.m */,
				1554B0D21AC046E600B41289 /* EDWelcomeVC.xib */,
				1554B0D51AC046F700B41289 /* EDRegisterVC.h */,
				1554B0D61AC046F700B41289 /* EDRegisterVC.m */,
				1554B0D71AC046F700B41289 /* EDRegisterVC.xib */,
				1554B0DA1AC0471000B41289 /* EDLoginVC.h */,
				1554B0DB1AC0471000B41289 /* EDLoginVC.m */,
				1554B0DC1AC0471000B41289 /* EDLoginVC.xib */,
				1554B0DF1AC0473E00B41289 /* EDForgotPasswordVC.h */,
				1554B0E01AC0473E00B41289 /* EDForgotPasswordVC.m */,
				1554B0E11AC0473E00B41289 /* EDForgotPasswordVC.xib */,
			);
			path = Login;
			sourceTree = "<group>";
		};
		15EC83941ABAD14600DE941E /* MyCourses */ = {
			isa = PBXGroup;
			children = (
			);
			path = MyCourses;
			sourceTree = "<group>";
		};
		15EC83951ABAD14600DE941E /* Search */ = {
			isa = PBXGroup;
			children = (
			);
			path = Search;
			sourceTree = "<group>";
		};
		15FA91131AC3381300152E90 /* BusinessLayer */ = {
			isa = PBXGroup;
			children = (
				15FA91551AC404DD00152E90 /* Courses */,
				15FA91411AC3F6C900152E90 /* User */,
				15FA91181AC34BC000152E90 /* Categories */,
				15FA91141AC3382400152E90 /* Common */,
			);
			path = BusinessLayer;
			sourceTree = "<group>";
		};
		15FA91141AC3382400152E90 /* Common */ = {
			isa = PBXGroup;
			children = (
				15FA91151AC3383300152E90 /* CommonBL.h */,
				15FA91161AC3383300152E90 /* CommonBL.m */,
			);
			path = Common;
			sourceTree = "<group>";
		};
		15FA91181AC34BC000152E90 /* Categories */ = {
			isa = PBXGroup;
			children = (
				15FA91191AC34BD100152E90 /* CategoriesBL.h */,
				15FA911A1AC34BD100152E90 /* CategoriesBL.m */,
			);
			path = Categories;
			sourceTree = "<group>";
		};
		15FA912A1AC3525E00152E90 /* CustomCells */ = {
			isa = PBXGroup;
			children = (
				15FA913B1AC3F3E700152E90 /* Home */,
				15FA91351AC3F3E100152E90 /* Category */,
			);
			path = CustomCells;
			sourceTree = "<group>";
		};
		15FA912B1AC3525E00152E90 /* CustomViews */ = {
			isa = PBXGroup;
			children = (
				15FA91451AC3FCB800152E90 /* EDCourseView.h */,
				15FA91461AC3FCB800152E90 /* EDCourseView.m */,
				15FA91481AC3FCCD00152E90 /* EDCourseView.xib */,
			);
			path = CustomViews;
			sourceTree = "<group>";
		};
		15FA91311AC352A500152E90 /* UIThumbView */ = {
			isa = PBXGroup;
			children = (
				15FA91321AC352A500152E90 /* UIThumbView.h */,
				15FA91331AC352A500152E90 /* UIThumbView.m */,
			);
			path = UIThumbView;
			sourceTree = "<group>";
		};
		15FA91351AC3F3E100152E90 /* Category */ = {
			isa = PBXGroup;
			children = (
				15FA91361AC3F3E100152E90 /* CategoryCell.h */,
				15FA91371AC3F3E100152E90 /* CategoryCell.m */,
				15FA91381AC3F3E100152E90 /* CategoryCell.xib */,
			);
			path = Category;
			sourceTree = "<group>";
		};
		15FA913B1AC3F3E700152E90 /* Home */ = {
			isa = PBXGroup;
			children = (
				15FA913C1AC3F40F00152E90 /* EDHomeCarouselCell.h */,
				15FA913D1AC3F40F00152E90 /* EDHomeCarouselCell.m */,
				15FA913E1AC3F40F00152E90 /* EDHomeCarouselCell.xib */,
			);
			path = Home;
			sourceTree = "<group>";
		};
		15FA91411AC3F6C900152E90 /* User */ = {
			isa = PBXGroup;
			children = (
				15FA91421AC3F6F000152E90 /* UserBL.h */,
				15FA91431AC3F6F000152E90 /* UserBL.m */,
			);
			path = User;
			sourceTree = "<group>";
		};
		15FA91551AC404DD00152E90 /* Courses */ = {
			isa = PBXGroup;
			children = (
				15FA91561AC404E900152E90 /* CourseBL.h */,
				15FA91571AC404E900152E90 /* CourseBL.m */,
			);
			path = Courses;
			sourceTree = "<group>";
		};
		942E74A343B274AF1A6E8526 /* Frameworks */ = {
			isa = PBXGroup;
			children = (
				40895CF0C2E2B2A4CA70B047 /* libPods-Edureka.a */,
			);
			name = Frameworks;
			sourceTree = "<group>";
		};
		FD38E4EC6200AA81C0B2EBB3 /* Pods */ = {
			isa = PBXGroup;
			children = (
				8BE3C62622C422D82742D197 /* Pods-Edureka.debug.xcconfig */,
				C44E128AC2FE58BA1D42FA75 /* Pods-Edureka.release.xcconfig */,
			);
			name = Pods;
			sourceTree = "<group>";
		};
/* End PBXGroup section */

/* Begin PBXNativeTarget section */
		1583AF321AB80B1D0000631C /* Edureka */ = {
			isa = PBXNativeTarget;
			buildConfigurationList = 1583AF561AB80B1E0000631C /* Build configuration list for PBXNativeTarget "Edureka" */;
			buildPhases = (
				7A8D4793B0234C0DDF236BEC /* Check Pods Manifest.lock */,
				1583AF2F1AB80B1D0000631C /* Sources */,
				1583AF301AB80B1D0000631C /* Frameworks */,
				1583AF311AB80B1D0000631C /* Resources */,
				4D87A01202167AE8906963EB /* Copy Pods Resources */,
			);
			buildRules = (
			);
			dependencies = (
			);
			name = Edureka;
			productName = Edureka;
			productReference = 1583AF331AB80B1D0000631C /* Edureka.app */;
			productType = "com.apple.product-type.application";
		};
		1583AF4B1AB80B1E0000631C /* EdurekaTests */ = {
			isa = PBXNativeTarget;
			buildConfigurationList = 1583AF591AB80B1E0000631C /* Build configuration list for PBXNativeTarget "EdurekaTests" */;
			buildPhases = (
				1583AF481AB80B1E0000631C /* Sources */,
				1583AF491AB80B1E0000631C /* Frameworks */,
				1583AF4A1AB80B1E0000631C /* Resources */,
			);
			buildRules = (
			);
			dependencies = (
				1583AF4E1AB80B1E0000631C /* PBXTargetDependency */,
			);
			name = EdurekaTests;
			productName = EdurekaTests;
			productReference = 1583AF4C1AB80B1E0000631C /* EdurekaTests.xctest */;
			productType = "com.apple.product-type.bundle.unit-test";
		};
/* End PBXNativeTarget section */

/* Begin PBXProject section */
		1583AF2B1AB80B1D0000631C /* Project object */ = {
			isa = PBXProject;
			attributes = {
				LastUpgradeCheck = 0600;
				ORGANIZATIONNAME = "KelltonTech Solutions";
				TargetAttributes = {
					1583AF321AB80B1D0000631C = {
						CreatedOnToolsVersion = 6.0;
					};
					1583AF4B1AB80B1E0000631C = {
						CreatedOnToolsVersion = 6.0;
						TestTargetID = 1583AF321AB80B1D0000631C;
					};
				};
			};
			buildConfigurationList = 1583AF2E1AB80B1D0000631C /* Build configuration list for PBXProject "Edureka" */;
			compatibilityVersion = "Xcode 3.2";
			developmentRegion = English;
			hasScannedForEncodings = 0;
			knownRegions = (
				en,
				Base,
			);
			mainGroup = 1583AF2A1AB80B1D0000631C;
			productRefGroup = 1583AF341AB80B1D0000631C /* Products */;
			projectDirPath = "";
			projectRoot = "";
			targets = (
				1583AF321AB80B1D0000631C /* Edureka */,
				1583AF4B1AB80B1E0000631C /* EdurekaTests */,
			);
		};
/* End PBXProject section */

/* Begin PBXResourcesBuildPhase section */
		1583AF311AB80B1D0000631C /* Resources */ = {
			isa = PBXResourcesBuildPhase;
			buildActionMask = 2147483647;
			files = (
				15E6262C1ABDE9D900F886E8 /* trending.json in Resources */,
				15FA91491AC3FCCD00152E90 /* EDCourseView.xib in Resources */,
				15FA91521AC4043300152E90 /* Recommended.plist in Resources */,
				15FA91541AC4048900152E90 /* Wishlist.plist in Resources */,
				15FA91501AC4042200152E90 /* Trending.plist in Resources */,
				15FA913A1AC3F3E100152E90 /* CategoryCell.xib in Resources */,
				1554B0FB1AC0480800B41289 /* EDHomeVC.xib in Resources */,
				1554B1021AC050A200B41289 /* EDMoreVC.xib in Resources */,
				1554B0EC1AC047BB00B41289 /* EDForumVC.xib in Resources */,
				1554B0DE1AC0471000B41289 /* EDLoginVC.xib in Resources */,
				1554B0F11AC047DA00B41289 /* EDTicketVC.xib in Resources */,
				15E626251ABDE33700F886E8 /* Default-6Plus.png in Resources */,
				15E626231ABDE33700F886E8 /* Default-568h.png in Resources */,
				15FA911D1AC34C6800152E90 /* Categories.plist in Resources */,
				15FA914E1AC402B900152E90 /* NewCourses.plist in Resources */,
				15E626261ABDE33700F886E8 /* Default@2x.png in Resources */,
				15E626241ABDE33700F886E8 /* Default-6.png in Resources */,
				1554B0D91AC046F700B41289 /* EDRegisterVC.xib in Resources */,
				1554B0E31AC0473E00B41289 /* EDForgotPasswordVC.xib in Resources */,
				1554B1101AC06D5800B41289 /* backBtn@2x.png in Resources */,
				1554B1111AC06D5800B41289 /* backBtn@3x.png in Resources */,
				1583AF441AB80B1D0000631C /* Images.xcassets in Resources */,
				15FA91401AC3F40F00152E90 /* EDHomeCarouselCell.xib in Resources */,
				1554B10D1AC06C8500B41289 /* EDCategoriesVC.xib in Resources */,
				1554B0D41AC046E600B41289 /* EDWelcomeVC.xib in Resources */,
				1554B0F61AC047ED00B41289 /* EDMyCourseVC.xib in Resources */,
				15E6262D1ABDE9D900F886E8 /* TemplateIcon2x.png in Resources */,
			);
			runOnlyForDeploymentPostprocessing = 0;
		};
		1583AF4A1AB80B1E0000631C /* Resources */ = {
			isa = PBXResourcesBuildPhase;
			buildActionMask = 2147483647;
			files = (
			);
			runOnlyForDeploymentPostprocessing = 0;
		};
/* End PBXResourcesBuildPhase section */

/* Begin PBXShellScriptBuildPhase section */
		4D87A01202167AE8906963EB /* Copy Pods Resources */ = {
			isa = PBXShellScriptBuildPhase;
			buildActionMask = 2147483647;
			files = (
			);
			inputPaths = (
			);
			name = "Copy Pods Resources";
			outputPaths = (
			);
			runOnlyForDeploymentPostprocessing = 0;
			shellPath = /bin/sh;
			shellScript = "\"${SRCROOT}/Pods/Target Support Files/Pods-Edureka/Pods-Edureka-resources.sh\"\n";
			showEnvVarsInLog = 0;
		};
		7A8D4793B0234C0DDF236BEC /* Check Pods Manifest.lock */ = {
			isa = PBXShellScriptBuildPhase;
			buildActionMask = 2147483647;
			files = (
			);
			inputPaths = (
			);
			name = "Check Pods Manifest.lock";
			outputPaths = (
			);
			runOnlyForDeploymentPostprocessing = 0;
			shellPath = /bin/sh;
			shellScript = "diff \"${PODS_ROOT}/../Podfile.lock\" \"${PODS_ROOT}/Manifest.lock\" > /dev/null\nif [[ $? != 0 ]] ; then\n    cat << EOM\nerror: The sandbox is not in sync with the Podfile.lock. Run 'pod install' or update your CocoaPods installation.\nEOM\n    exit 1\nfi\n";
			showEnvVarsInLog = 0;
		};
/* End PBXShellScriptBuildPhase section */

/* Begin PBXSourcesBuildPhase section */
		1583AF2F1AB80B1D0000631C /* Sources */ = {
			isa = PBXSourcesBuildPhase;
			buildActionMask = 2147483647;
			files = (
				15FA91391AC3F3E100152E90 /* CategoryCell.m in Sources */,
				15FA91171AC3383300152E90 /* CommonBL.m in Sources */,
				1554B0FA1AC0480800B41289 /* EDHomeVC.m in Sources */,
				1554B10C1AC06C8500B41289 /* EDCategoriesVC.m in Sources */,
				1554B0EB1AC047BB00B41289 /* EDForumVC.m in Sources */,
				15FA91341AC352A500152E90 /* UIThumbView.m in Sources */,
				1554B0DD1AC0471000B41289 /* EDLoginVC.m in Sources */,
				15FA914C1AC4021400152E90 /* Course.m in Sources */,
				1554B0D81AC046F700B41289 /* EDRegisterVC.m in Sources */,
				15FA91441AC3F6F000152E90 /* UserBL.m in Sources */,
				15FA91581AC404E900152E90 /* CourseBL.m in Sources */,
				1554B0F51AC047ED00B41289 /* EDMyCourseVC.m in Sources */,
				15FA91471AC3FCB800152E90 /* EDCourseView.m in Sources */,
				1554B0E21AC0473E00B41289 /* EDForgotPasswordVC.m in Sources */,
				1554B0F01AC047DA00B41289 /* EDTicketVC.m in Sources */,
				1583AF691AB80BDB0000631C /* AppDelegate.m in Sources */,
				15FA911B1AC34BD100152E90 /* CategoriesBL.m in Sources */,
				15FA913F1AC3F40F00152E90 /* EDHomeCarouselCell.m in Sources */,
				1554B0D31AC046E600B41289 /* EDWelcomeVC.m in Sources */,
				1554B1011AC050A200B41289 /* EDMoreVC.m in Sources */,
				15FA91291AC3506B00152E90 /* Categories.m in Sources */,
				1583AF391AB80B1D0000631C /* main.m in Sources */,
			);
			runOnlyForDeploymentPostprocessing = 0;
		};
		1583AF481AB80B1E0000631C /* Sources */ = {
			isa = PBXSourcesBuildPhase;
			buildActionMask = 2147483647;
			files = (
				1583AF531AB80B1E0000631C /* EdurekaTests.m in Sources */,
			);
			runOnlyForDeploymentPostprocessing = 0;
		};
/* End PBXSourcesBuildPhase section */

/* Begin PBXTargetDependency section */
		1583AF4E1AB80B1E0000631C /* PBXTargetDependency */ = {
			isa = PBXTargetDependency;
			target = 1583AF321AB80B1D0000631C /* Edureka */;
			targetProxy = 1583AF4D1AB80B1E0000631C /* PBXContainerItemProxy */;
		};
/* End PBXTargetDependency section */

/* Begin XCBuildConfiguration section */
		1583AF541AB80B1E0000631C /* Debug */ = {
			isa = XCBuildConfiguration;
			buildSettings = {
				ALWAYS_SEARCH_USER_PATHS = NO;
				CLANG_CXX_LANGUAGE_STANDARD = "gnu++0x";
				CLANG_CXX_LIBRARY = "libc++";
				CLANG_ENABLE_MODULES = YES;
				CLANG_ENABLE_OBJC_ARC = YES;
				CLANG_WARN_BOOL_CONVERSION = YES;
				CLANG_WARN_CONSTANT_CONVERSION = YES;
				CLANG_WARN_DIRECT_OBJC_ISA_USAGE = YES_ERROR;
				CLANG_WARN_EMPTY_BODY = YES;
				CLANG_WARN_ENUM_CONVERSION = YES;
				CLANG_WARN_INT_CONVERSION = YES;
				CLANG_WARN_OBJC_ROOT_CLASS = YES_ERROR;
				CLANG_WARN_UNREACHABLE_CODE = YES;
				CLANG_WARN__DUPLICATE_METHOD_MATCH = YES;
				"CODE_SIGN_IDENTITY[sdk=iphoneos*]" = "iPhone Developer";
				COPY_PHASE_STRIP = NO;
				ENABLE_STRICT_OBJC_MSGSEND = YES;
				GCC_C_LANGUAGE_STANDARD = gnu99;
				GCC_DYNAMIC_NO_PIC = NO;
				GCC_OPTIMIZATION_LEVEL = 0;
				GCC_PREPROCESSOR_DEFINITIONS = (
					"DEBUG=1",
					"$(inherited)",
				);
				GCC_SYMBOLS_PRIVATE_EXTERN = NO;
				GCC_WARN_64_TO_32_BIT_CONVERSION = YES;
				GCC_WARN_ABOUT_RETURN_TYPE = YES_ERROR;
				GCC_WARN_UNDECLARED_SELECTOR = YES;
				GCC_WARN_UNINITIALIZED_AUTOS = YES_AGGRESSIVE;
				GCC_WARN_UNUSED_FUNCTION = YES;
				GCC_WARN_UNUSED_VARIABLE = YES;
				IPHONEOS_DEPLOYMENT_TARGET = 7.0;
				MTL_ENABLE_DEBUG_INFO = YES;
				ONLY_ACTIVE_ARCH = YES;
				SDKROOT = iphoneos;
			};
			name = Debug;
		};
		1583AF551AB80B1E0000631C /* Release */ = {
			isa = XCBuildConfiguration;
			buildSettings = {
				ALWAYS_SEARCH_USER_PATHS = NO;
				CLANG_CXX_LANGUAGE_STANDARD = "gnu++0x";
				CLANG_CXX_LIBRARY = "libc++";
				CLANG_ENABLE_MODULES = YES;
				CLANG_ENABLE_OBJC_ARC = YES;
				CLANG_WARN_BOOL_CONVERSION = YES;
				CLANG_WARN_CONSTANT_CONVERSION = YES;
				CLANG_WARN_DIRECT_OBJC_ISA_USAGE = YES_ERROR;
				CLANG_WARN_EMPTY_BODY = YES;
				CLANG_WARN_ENUM_CONVERSION = YES;
				CLANG_WARN_INT_CONVERSION = YES;
				CLANG_WARN_OBJC_ROOT_CLASS = YES_ERROR;
				CLANG_WARN_UNREACHABLE_CODE = YES;
				CLANG_WARN__DUPLICATE_METHOD_MATCH = YES;
				"CODE_SIGN_IDENTITY[sdk=iphoneos*]" = "iPhone Developer";
				COPY_PHASE_STRIP = YES;
				ENABLE_NS_ASSERTIONS = NO;
				ENABLE_STRICT_OBJC_MSGSEND = YES;
				GCC_C_LANGUAGE_STANDARD = gnu99;
				GCC_WARN_64_TO_32_BIT_CONVERSION = YES;
				GCC_WARN_ABOUT_RETURN_TYPE = YES_ERROR;
				GCC_WARN_UNDECLARED_SELECTOR = YES;
				GCC_WARN_UNINITIALIZED_AUTOS = YES_AGGRESSIVE;
				GCC_WARN_UNUSED_FUNCTION = YES;
				GCC_WARN_UNUSED_VARIABLE = YES;
				IPHONEOS_DEPLOYMENT_TARGET = 7.0;
				MTL_ENABLE_DEBUG_INFO = NO;
				SDKROOT = iphoneos;
				VALIDATE_PRODUCT = YES;
			};
			name = Release;
		};
		1583AF571AB80B1E0000631C /* Debug */ = {
			isa = XCBuildConfiguration;
			baseConfigurationReference = 8BE3C62622C422D82742D197 /* Pods-Edureka.debug.xcconfig */;
			buildSettings = {
				ASSETCATALOG_COMPILER_APPICON_NAME = AppIcon;
				ASSETCATALOG_COMPILER_LAUNCHIMAGE_NAME = LaunchImage;
				CODE_SIGN_IDENTITY = "iPhone Developer: Rajesh Kumar (2VEW8VQ26K)";
				"CODE_SIGN_IDENTITY[sdk=iphoneos*]" = "iPhone Developer: Rajesh Kumar (2VEW8VQ26K)";
				GCC_PREFIX_HEADER = "Edureka/Edureka-Prefix.pch";
				INFOPLIST_FILE = Edureka/Info.plist;
				IPHONEOS_DEPLOYMENT_TARGET = 7.0;
				LD_RUNPATH_SEARCH_PATHS = "$(inherited) @executable_path/Frameworks";
				PRODUCT_NAME = "$(TARGET_NAME)";
				PROVISIONING_PROFILE = "752b0f7d-fbe9-44ec-933e-81452a8e5912";
			};
			name = Debug;
		};
		1583AF581AB80B1E0000631C /* Release */ = {
			isa = XCBuildConfiguration;
			baseConfigurationReference = C44E128AC2FE58BA1D42FA75 /* Pods-Edureka.release.xcconfig */;
			buildSettings = {
				ASSETCATALOG_COMPILER_APPICON_NAME = AppIcon;
				ASSETCATALOG_COMPILER_LAUNCHIMAGE_NAME = LaunchImage;
				CODE_SIGN_IDENTITY = "iPhone Developer: Rajesh Kumar (2VEW8VQ26K)";
				"CODE_SIGN_IDENTITY[sdk=iphoneos*]" = "iPhone Developer: Rajesh Kumar (2VEW8VQ26K)";
				GCC_PREFIX_HEADER = "Edureka/Edureka-Prefix.pch";
				INFOPLIST_FILE = Edureka/Info.plist;
				IPHONEOS_DEPLOYMENT_TARGET = 7.0;
				LD_RUNPATH_SEARCH_PATHS = "$(inherited) @executable_path/Frameworks";
				PRODUCT_NAME = "$(TARGET_NAME)";
				PROVISIONING_PROFILE = "752b0f7d-fbe9-44ec-933e-81452a8e5912";
			};
			name = Release;
		};
		1583AF5A1AB80B1E0000631C /* Debug */ = {
			isa = XCBuildConfiguration;
			buildSettings = {
				BUNDLE_LOADER = "$(TEST_HOST)";
				FRAMEWORK_SEARCH_PATHS = (
					"$(SDKROOT)/Developer/Library/Frameworks",
					"$(inherited)",
				);
				GCC_PREPROCESSOR_DEFINITIONS = (
					"DEBUG=1",
					"$(inherited)",
				);
				INFOPLIST_FILE = EdurekaTests/Info.plist;
				LD_RUNPATH_SEARCH_PATHS = "$(inherited) @executable_path/Frameworks @loader_path/Frameworks";
				PRODUCT_NAME = "$(TARGET_NAME)";
				TEST_HOST = "$(BUILT_PRODUCTS_DIR)/Edureka.app/Edureka";
			};
			name = Debug;
		};
		1583AF5B1AB80B1E0000631C /* Release */ = {
			isa = XCBuildConfiguration;
			buildSettings = {
				BUNDLE_LOADER = "$(TEST_HOST)";
				FRAMEWORK_SEARCH_PATHS = (
					"$(SDKROOT)/Developer/Library/Frameworks",
					"$(inherited)",
				);
				INFOPLIST_FILE = EdurekaTests/Info.plist;
				LD_RUNPATH_SEARCH_PATHS = "$(inherited) @executable_path/Frameworks @loader_path/Frameworks";
				PRODUCT_NAME = "$(TARGET_NAME)";
				TEST_HOST = "$(BUILT_PRODUCTS_DIR)/Edureka.app/Edureka";
			};
			name = Release;
		};
/* End XCBuildConfiguration section */

/* Begin XCConfigurationList section */
		1583AF2E1AB80B1D0000631C /* Build configuration list for PBXProject "Edureka" */ = {
			isa = XCConfigurationList;
			buildConfigurations = (
				1583AF541AB80B1E0000631C /* Debug */,
				1583AF551AB80B1E0000631C /* Release */,
			);
			defaultConfigurationIsVisible = 0;
			defaultConfigurationName = Release;
		};
		1583AF561AB80B1E0000631C /* Build configuration list for PBXNativeTarget "Edureka" */ = {
			isa = XCConfigurationList;
			buildConfigurations = (
				1583AF571AB80B1E0000631C /* Debug */,
				1583AF581AB80B1E0000631C /* Release */,
			);
			defaultConfigurationIsVisible = 0;
			defaultConfigurationName = Release;
		};
		1583AF591AB80B1E0000631C /* Build configuration list for PBXNativeTarget "EdurekaTests" */ = {
			isa = XCConfigurationList;
			buildConfigurations = (
				1583AF5A1AB80B1E0000631C /* Debug */,
				1583AF5B1AB80B1E0000631C /* Release */,
			);
			defaultConfigurationIsVisible = 0;
			defaultConfigurationName = Release;
		};
/* End XCConfigurationList section */
	};
	rootObject = 1583AF2B1AB80B1D0000631C /* Project object */;
}
